PODS:
  - DDFlexbox (1.0.0):
    - DDFlexbox/Swift (= 1.0.0)
    - Yoga (~> 1.14)
  - DDFlexbox/Objc (1.0.0):
    - Yoga (~> 1.14)
  - DDFlexbox/Swift (1.0.0):
    - Yoga (~> 1.14)
  - SnapKit (5.0.1)
  - Yoga (1.14.0)

DEPENDENCIES:
  - DDFlexbox (from `../`)
  - DDFlexbox/Objc (from `../`)
  - SnapKit

SPEC REPOS:
  trunk:
    - SnapKit
    - Yoga

EXTERNAL SOURCES:
  DDFlexbox:
    :path: "../"

SPEC CHECKSUMS:
  DDFlexbox: b22ed108bdc8033977b9e4e63e69624134bcf829
  SnapKit: 97b92857e3df3a0c71833cce143274bf6ef8e5eb
  Yoga: cff67a400f6b74dc38eb0bad4f156673d9aa980c

PODFILE CHECKSUM: c1998038d0e2f5095903f8ea949f9563902fe2e7

COCOAPODS: 1.11.0
