PODS:
  - DDFlexbox (0.0.1):
    - DDFlexbox/Swift (= 0.0.1)
    - Yoga (~> 1.14)
  - DDFlexbox/Objc (0.0.1):
    - Yoga (~> 1.14)
  - DDFlexbox/Swift (0.0.1):
    - Yoga (~> 1.14)
  - SnapKit (5.0.1)
  - Yoga (1.14.0)

DEPENDENCIES:
  - DDFlexbox (from `../`)
  - DDFlexbox/Objc (from `../`)
  - SnapKit

SPEC REPOS:
  trunk:
    - SnapKit
    - Yoga

EXTERNAL SOURCES:
  DDFlexbox:
    :path: "../"

SPEC CHECKSUMS:
  DDFlexbox: fdce4f545d41c91841661e011773bdf74f557be1
  SnapKit: 97b92857e3df3a0c71833cce143274bf6ef8e5eb
  Yoga: cff67a400f6b74dc38eb0bad4f156673d9aa980c

PODFILE CHECKSUM: c1998038d0e2f5095903f8ea949f9563902fe2e7

COCOAPODS: 1.11.0
